
Microsoft Visual Studio Solution File, Format Version 12.00
# Visual Studio Version 17
VisualStudioVersion = 17.8.34408.163
MinimumVisualStudioVersion = 10.0.40219.1
Project("{9A19103F-16F7-4668-BE54-9A1E7A4F7556}") = "Bulky.WebClient", "Bulky.WebClient\Bulky.WebClient.csproj", "{62FB964B-1D38-451B-AD2A-F4626E9041E2}"
EndProject
Project("{2150E333-8FDC-42A3-9474-1A3956D46DE8}") = "Solution Items", "Solution Items", "{3164A8C3-2B12-4FB2-95FF-88C806857653}"
	ProjectSection(SolutionItems) = preProject
		.editorconfig = .editorconfig
	EndProjectSection
EndProject
Project("{FAE04EC0-301F-11D3-BF4B-00C04F79EFBC}") = "Bulky.Razor", "Bulky.Razor\Bulky.Razor.csproj", "{7D5A1FC9-702F-4C14-B41A-2E6C127FB205}"
EndProject
Global
	GlobalSection(SolutionConfigurationPlatforms) = preSolution
		Debug|Any CPU = Debug|Any CPU
		Release|Any CPU = Release|Any CPU
	EndGlobalSection
	GlobalSection(ProjectConfigurationPlatforms) = postSolution
		{62FB964B-1D38-451B-AD2A-F4626E9041E2}.Debug|Any CPU.ActiveCfg = Debug|Any CPU
		{62FB964B-1D38-451B-AD2A-F4626E9041E2}.Debug|Any CPU.Build.0 = Debug|Any CPU
		{62FB964B-1D38-451B-AD2A-F4626E9041E2}.Release|Any CPU.ActiveCfg = Release|Any CPU
		{62FB964B-1D38-451B-AD2A-F4626E9041E2}.Release|Any CPU.Build.0 = Release|Any CPU
		{7D5A1FC9-702F-4C14-B41A-2E6C127FB205}.Debug|Any CPU.ActiveCfg = Debug|Any CPU
		{7D5A1FC9-702F-4C14-B41A-2E6C127FB205}.Debug|Any CPU.Build.0 = Debug|Any CPU
		{7D5A1FC9-702F-4C14-B41A-2E6C127FB205}.Release|Any CPU.ActiveCfg = Release|Any CPU
		{7D5A1FC9-702F-4C14-B41A-2E6C127FB205}.Release|Any CPU.Build.0 = Release|Any CPU
	EndGlobalSection
	GlobalSection(SolutionProperties) = preSolution
		HideSolutionNode = FALSE
	EndGlobalSection
	GlobalSection(ExtensibilityGlobals) = postSolution
		SolutionGuid = {7B523543-A5B1-446E-B1A9-8595AAC36D57}
	EndGlobalSection
EndGlobal
